{
  "nodes": {
    "bitbucket-cli": {
      "inputs": {
        "flake-utils": "flake-utils",
        "nixpkgs": [
          "nixpkgs"
        ]
      },
      "locked": {
        "lastModified": 1783286118,
        "narHash": "sha256-0utvaPFTz0ORXFv0zHRSZNLzlVNbzrO/3nzOZlGecsA=",
        "owner": "avivsinai",
        "repo": "bitbucket-cli",
        "rev": "119705db3bcedeeee10d8d2bfb3e572ce1ae8b32",
        "type": "github"
      },
      "original": {
        "owner": "avivsinai",
        "repo": "bitbucket-cli",
        "type": "github"
      }
    },
    "catppuccin": {
      "inputs": {
        "nixpkgs": [
          "nixpkgs"
        ]
      },
      "locked": {
        "lastModified": 1783449009,
        "narHash": "sha256-BJYTl6uZ0PRzOjjxaPHnfEifkTwf63uXwWfjrplRoL0=",
        "owner": "catppuccin",
        "repo": "nix",
        "rev": "da2bb1bb2ed82749c56b34f940e0af9339d72533",
        "type": "github"
      },
      "original": {
        "owner": "catppuccin",
        "repo": "nix",
        "type": "github"
      }
    },
    "claude-code": {
      "inputs": {
        "flake-utils": "flake-utils_2",
        "nixpkgs": "nixpkgs"
      },
      "locked": {
        "lastModified": 1783380155,
        "narHash": "sha256-SwUwKaLrZ+c5y4GoZHKBf1nUsDHVsIUtn2CFloZrV2A=",
        "owner": "sadjow",
        "repo": "claude-code-nix",
        "rev": "25d979d1a39d0acdbcb1b8d0b9d83ffdd10b5f43",
        "type": "github"
      },
      "original": {
        "owner": "sadjow",
        "repo": "claude-code-nix",
        "type": "github"
      }
    },
    "flake-compat": {
      "flake": false,
      "locked": {
        "lastModified": 1767039857,
        "narHash": "sha256-vNpUSpF5Nuw8xvDLj2KCwwksIbjua2LZCqhV1LNRDns=",
        "owner": "edolstra",
        "repo": "flake-compat",
        "rev": "5edf11c44bc78a0d334f6334cdaf7d60d732daab",
        "type": "github"
      },
      "original": {
        "owner": "edolstra",
        "repo": "flake-compat",
        "type": "github"
      }
    },
    "flake-utils": {
      "inputs": {
        "systems": "systems"
      },
      "locked": {
        "lastModified": 1731533236,
        "narHash": "sha256-l0KFg5HjrsfsO/JpG+r7fRrqm12kzFHyUHqHCVpMMbI=",
        "owner": "numtide",
        "repo": "flake-utils",
        "rev": "11707dc2f618dd54ca8739b309ec4fc024de578b",
        "type": "github"
      },
      "original": {
        "owner": "numtide",
        "repo": "flake-utils",
        "type": "github"
      }
    },
    "flake-utils_2": {
      "inputs": {
        "systems": "systems_2"
      },
      "locked": {
        "lastModified": 1731533236,
        "narHash": "sha256-l0KFg5HjrsfsO/JpG+r7fRrqm12kzFHyUHqHCVpMMbI=",
        "owner": "numtide",
        "repo": "flake-utils",
        "rev": "11707dc2f618dd54ca8739b309ec4fc024de578b",
        "type": "github"
      },
      "original": {
        "owner": "numtide",
        "repo": "flake-utils",
        "type": "github"
      }
    },
    "flake-utils_3": {
      "inputs": {
        "systems": "systems_3"
      },
      "locked": {
        "lastModified": 1731533236,
        "narHash": "sha256-l0KFg5HjrsfsO/JpG+r7fRrqm12kzFHyUHqHCVpMMbI=",
        "owner": "numtide",
        "repo": "flake-utils",
        "rev": "11707dc2f618dd54ca8739b309ec4fc024de578b",
        "type": "github"
      },
      "original": {
        "owner": "numtide",
        "repo": "flake-utils",
        "type": "github"
      }
    },
    "home-manager": {
      "inputs": {
        "nixpkgs": [
          "nixpkgs"
        ]
      },
      "locked": {
        "lastModified": 1783436070,
        "narHash": "sha256-F80z1JoiJgZyTT5D+3siLOVzqmCEphLR7t0Ym/I2CLI=",
        "owner": "nix-community",
        "repo": "home-manager",
        "rev": "f09af49406ffad37acb6538d3207189a1a1e0b7e",
        "type": "github"
      },
      "original": {
        "owner": "nix-community",
        "repo": "home-manager",
        "type": "github"
      }
    },
    "nixos-wsl": {
      "inputs": {
        "flake-compat": "flake-compat",
        "nixpkgs": [
          "nixpkgs"
        ]
      },
      "locked": {
        "lastModified": 1783336371,
        "narHash": "sha256-ZisTtweyb7JUwPP54HAXE9TypT8m89dIxDI36Ak0hAs=",
        "owner": "nix-community",
        "repo": "nixos-wsl",
        "rev": "a9620cfa43f0c1c30a46c31ae3c6e58cdb124a14",
        "type": "github"
      },
      "original": {
        "owner": "nix-community",
        "repo": "nixos-wsl",
        "type": "github"
      }
    },
    "nixpkgs": {
      "locked": {
        "lastModified": 1783279667,
        "narHash": "sha256-/NAkDSsve+GNM0Bt6tleJdCGfsTlK89nPjkVOzZMo0s=",
        "owner": "NixOS",
        "repo": "nixpkgs",
        "rev": "f205b5574fd0cb7da5b702a2da51507b7f4fdd1b",
        "type": "github"
      },
      "original": {
        "owner": "NixOS",
        "ref": "nixpkgs-unstable",
        "repo": "nixpkgs",
        "type": "github"
      }
    },
    "nixpkgs_2": {
      "locked": {
        "lastModified": 1783224372,
        "narHash": "sha256-8i/87eeoqiGE4yOTjwSA3Eh/ziJRQEmd/unYU+K27sk=",
        "owner": "NixOS",
        "repo": "nixpkgs",
        "rev": "d407951447dcd00442e97087bf374aad70c04cea",
        "type": "github"
      },
      "original": {
        "owner": "NixOS",
        "ref": "nixos-unstable",
        "repo": "nixpkgs",
        "type": "github"
      }
    },
    "root": {
      "inputs": {
        "bitbucket-cli": "bitbucket-cli",
        "catppuccin": "catppuccin",
        "claude-code": "claude-code",
        "flake-utils": "flake-utils_3",
        "home-manager": "home-manager",
        "nixos-wsl": "nixos-wsl",
        "nixpkgs": "nixpkgs_2"
      }
    },
    "systems": {
      "locked": {
        "lastModified": 1681028828,
        "narHash": "sha256-Vy1rq5AaRuLzOxct8nz4T6wlgyUR7zLU309k9mBC768=",
        "owner": "nix-systems",
        "repo": "default",
        "rev": "da67096a3b9bf56a91d16901293e51ba5b49a27e",
        "type": "github"
      },
      "original": {
        "owner": "nix-systems",
        "repo": "default",
        "type": "github"
      }
    },
    "systems_2": {
      "locked": {
        "lastModified": 1681028828,
        "narHash": "sha256-Vy1rq5AaRuLzOxct8nz4T6wlgyUR7zLU309k9mBC768=",
        "owner": "nix-systems",
        "repo": "default",
        "rev": "da67096a3b9bf56a91d16901293e51ba5b49a27e",
        "type": "github"
      },
      "original": {
        "owner": "nix-systems",
        "repo": "default",
        "type": "github"
      }
    },
    "systems_3": {
      "locked": {
        "lastModified": 1681028828,
        "narHash": "sha256-Vy1rq5AaRuLzOxct8nz4T6wlgyUR7zLU309k9mBC768=",
        "owner": "nix-systems",
        "repo": "default",
        "rev": "da67096a3b9bf56a91d16901293e51ba5b49a27e",
        "type": "github"
      },
      "original": {
        "owner": "nix-systems",
        "repo": "default",
        "type": "github"
      }
    }
  },
  "root": "root",
  "version": 7
}
